
Microsoft Visual Studio Solution File, Format Version 12.00
# Visual Studio 15
VisualStudioVersion = 15.0.27004.2005
MinimumVisualStudioVersion = 10.0.40219.1
Project("{FAE04EC0-301F-11D3-BF4B-00C04F79EFBC}") = "Cryptography.Obfuscation", "Cryptography.Obfuscation\Cryptography.Obfuscation.csproj", "{BFFD86F4-3111-4D38-A81F-0F00438CC9B2}"
EndProject
Project("{FAE04EC0-301F-11D3-BF4B-00C04F79EFBC}") = "Cryptograph.Obfuscation.Tests", "Cryptograph.Obfuscation.Tests\Cryptograph.Obfuscation.Tests.csproj", "{4D0462B1-124E-4572-B3B6-C51083F24BAF}"
EndProject
Global
	GlobalSection(SolutionConfigurationPlatforms) = preSolution
		Debug|Any CPU = Debug|Any CPU
		Release|Any CPU = Release|Any CPU
	EndGlobalSection
	GlobalSection(ProjectConfigurationPlatforms) = postSolution
		{BFFD86F4-3111-4D38-A81F-0F00438CC9B2}.Debug|Any CPU.ActiveCfg = Debug|Any CPU
		{BFFD86F4-3111-4D38-A81F-0F00438CC9B2}.Debug|Any CPU.Build.0 = Debug|Any CPU
		{BFFD86F4-3111-4D38-A81F-0F00438CC9B2}.Release|Any CPU.ActiveCfg = Release|Any CPU
		{BFFD86F4-3111-4D38-A81F-0F00438CC9B2}.Release|Any CPU.Build.0 = Release|Any CPU
		{4D0462B1-124E-4572-B3B6-C51083F24BAF}.Debug|Any CPU.ActiveCfg = Debug|Any CPU
		{4D0462B1-124E-4572-B3B6-C51083F24BAF}.Debug|Any CPU.Build.0 = Debug|Any CPU
		{4D0462B1-124E-4572-B3B6-C51083F24BAF}.Release|Any CPU.ActiveCfg = Release|Any CPU
		{4D0462B1-124E-4572-B3B6-C51083F24BAF}.Release|Any CPU.Build.0 = Release|Any CPU
	EndGlobalSection
	GlobalSection(SolutionProperties) = preSolution
		HideSolutionNode = FALSE
	EndGlobalSection
	GlobalSection(ExtensibilityGlobals) = postSolution
		SolutionGuid = {AEE89B7C-78DF-4F06-A402-AF176F3AA536}
	EndGlobalSection
EndGlobal
